{
  "name": "w",
  "version": "1.0.0",
  "lockfileVersion": 3,
  "requires": true,
  "packages": {
    "": {
      "name": "w",
      "version": "1.0.0",
      "license": "ISC",
      "dependencies": {
        "client-side-json-exporter-sam": "^1.0.0"
      }
    },
    "node_modules/client-side-json-exporter-sam": {
      "version": "1.0.0",
      "resolved": "https://registry.npmjs.org/client-side-json-exporter-sam/-/client-side-json-exporter-sam-1.0.0.tgz",
      "integrity": "sha512-qgNbtWoV9a3fNVDFv1+iAjwfFKtnlOirk+HvQeO6DpWIUm5BSomdDC2JzfthYKob7gL2tXex/eCk4LVWaYoIxA==",
      "license": "MIT"
    }
  }
}
